
Microsoft Visual Studio Solution File, Format Version 12.00
# Visual Studio 15
Project("{FAE04EC0-301F-11D3-BF4B-00C04F79EFBC}") = "MySqlServer", "MySqlServer\MySqlServer.csproj", "{B90B8019-2328-45C2-96B9-2B54F09176AC}"
EndProject
Project("{FAE04EC0-301F-11D3-BF4B-00C04F79EFBC}") = "Playground", "Playground\Playground.csproj", "{6CF17C04-16D7-4878-B959-D55AB998D915}"
EndProject
Project("{FAE04EC0-301F-11D3-BF4B-00C04F79EFBC}") = "TestMultiClient", "TestMultiClient\TestMultiClient.csproj", "{861F143D-A2BC-476B-AEB2-7B45DE063847}"
EndProject
Project("{FAE04EC0-301F-11D3-BF4B-00C04F79EFBC}") = "TestDatabase", "TestDatabase\TestDatabase.csproj", "{C85DD585-85D7-4469-AE3E-B04344452170}"
EndProject
Project("{FAE04EC0-301F-11D3-BF4B-00C04F79EFBC}") = "ServerUnitTest", "ServerUnitTest\ServerUnitTest.csproj", "{140A5B18-A215-4F9E-98A5-8756AB1BC274}"
EndProject
Project("{FAE04EC0-301F-11D3-BF4B-00C04F79EFBC}") = "RunServer", "RunServer\RunServer.csproj", "{634082F1-753B-4266-97D7-D3ED42F35656}"
EndProject
Project("{FAE04EC0-301F-11D3-BF4B-00C04F79EFBC}") = "TestLoadData", "TestLoadData\TestLoadData.csproj", "{0D3167F6-C26C-447F-8A9F-8DD7DA7C354D}"
EndProject
Project("{FAE04EC0-301F-11D3-BF4B-00C04F79EFBC}") = "TestSelect", "TestSelect\TestSelect.csproj", "{8AB3F0D6-D2BE-4DA9-AB5D-CC6E560D73E9}"
EndProject
Project("{FAE04EC0-301F-11D3-BF4B-00C04F79EFBC}") = "TestInsert", "TestInsert\TestInsert.csproj", "{FDCBF4C9-40C3-4123-A29B-5ED712E89736}"
EndProject
Project("{FAE04EC0-301F-11D3-BF4B-00C04F79EFBC}") = "TestSingleClient", "TestSingleClient\TestSingleClient.csproj", "{0C26D805-6D3E-40A8-80F4-06630CED3A80}"
EndProject
Global
	GlobalSection(SolutionConfigurationPlatforms) = preSolution
		Debug|Any CPU = Debug|Any CPU
		Release|Any CPU = Release|Any CPU
	EndGlobalSection
	GlobalSection(ProjectConfigurationPlatforms) = postSolution
		{B90B8019-2328-45C2-96B9-2B54F09176AC}.Debug|Any CPU.ActiveCfg = Debug|Any CPU
		{B90B8019-2328-45C2-96B9-2B54F09176AC}.Debug|Any CPU.Build.0 = Debug|Any CPU
		{B90B8019-2328-45C2-96B9-2B54F09176AC}.Release|Any CPU.ActiveCfg = Release|Any CPU
		{B90B8019-2328-45C2-96B9-2B54F09176AC}.Release|Any CPU.Build.0 = Release|Any CPU
		{6CF17C04-16D7-4878-B959-D55AB998D915}.Debug|Any CPU.ActiveCfg = Debug|Any CPU
		{6CF17C04-16D7-4878-B959-D55AB998D915}.Debug|Any CPU.Build.0 = Debug|Any CPU
		{6CF17C04-16D7-4878-B959-D55AB998D915}.Release|Any CPU.ActiveCfg = Release|Any CPU
		{6CF17C04-16D7-4878-B959-D55AB998D915}.Release|Any CPU.Build.0 = Release|Any CPU
		{861F143D-A2BC-476B-AEB2-7B45DE063847}.Debug|Any CPU.ActiveCfg = Debug|Any CPU
		{861F143D-A2BC-476B-AEB2-7B45DE063847}.Debug|Any CPU.Build.0 = Debug|Any CPU
		{861F143D-A2BC-476B-AEB2-7B45DE063847}.Release|Any CPU.ActiveCfg = Release|Any CPU
		{861F143D-A2BC-476B-AEB2-7B45DE063847}.Release|Any CPU.Build.0 = Release|Any CPU
		{C85DD585-85D7-4469-AE3E-B04344452170}.Debug|Any CPU.ActiveCfg = Debug|Any CPU
		{C85DD585-85D7-4469-AE3E-B04344452170}.Debug|Any CPU.Build.0 = Debug|Any CPU
		{C85DD585-85D7-4469-AE3E-B04344452170}.Release|Any CPU.ActiveCfg = Release|Any CPU
		{C85DD585-85D7-4469-AE3E-B04344452170}.Release|Any CPU.Build.0 = Release|Any CPU
		{140A5B18-A215-4F9E-98A5-8756AB1BC274}.Debug|Any CPU.ActiveCfg = Debug|Any CPU
		{140A5B18-A215-4F9E-98A5-8756AB1BC274}.Debug|Any CPU.Build.0 = Debug|Any CPU
		{140A5B18-A215-4F9E-98A5-8756AB1BC274}.Release|Any CPU.ActiveCfg = Release|Any CPU
		{140A5B18-A215-4F9E-98A5-8756AB1BC274}.Release|Any CPU.Build.0 = Release|Any CPU
		{634082F1-753B-4266-97D7-D3ED42F35656}.Debug|Any CPU.ActiveCfg = Debug|Any CPU
		{634082F1-753B-4266-97D7-D3ED42F35656}.Debug|Any CPU.Build.0 = Debug|Any CPU
		{634082F1-753B-4266-97D7-D3ED42F35656}.Release|Any CPU.ActiveCfg = Release|Any CPU
		{634082F1-753B-4266-97D7-D3ED42F35656}.Release|Any CPU.Build.0 = Release|Any CPU
		{0D3167F6-C26C-447F-8A9F-8DD7DA7C354D}.Debug|Any CPU.ActiveCfg = Debug|Any CPU
		{0D3167F6-C26C-447F-8A9F-8DD7DA7C354D}.Debug|Any CPU.Build.0 = Debug|Any CPU
		{0D3167F6-C26C-447F-8A9F-8DD7DA7C354D}.Release|Any CPU.ActiveCfg = Release|Any CPU
		{0D3167F6-C26C-447F-8A9F-8DD7DA7C354D}.Release|Any CPU.Build.0 = Release|Any CPU
		{8AB3F0D6-D2BE-4DA9-AB5D-CC6E560D73E9}.Debug|Any CPU.ActiveCfg = Debug|Any CPU
		{8AB3F0D6-D2BE-4DA9-AB5D-CC6E560D73E9}.Debug|Any CPU.Build.0 = Debug|Any CPU
		{8AB3F0D6-D2BE-4DA9-AB5D-CC6E560D73E9}.Release|Any CPU.ActiveCfg = Release|Any CPU
		{8AB3F0D6-D2BE-4DA9-AB5D-CC6E560D73E9}.Release|Any CPU.Build.0 = Release|Any CPU
		{FDCBF4C9-40C3-4123-A29B-5ED712E89736}.Debug|Any CPU.ActiveCfg = Debug|Any CPU
		{FDCBF4C9-40C3-4123-A29B-5ED712E89736}.Debug|Any CPU.Build.0 = Debug|Any CPU
		{FDCBF4C9-40C3-4123-A29B-5ED712E89736}.Release|Any CPU.ActiveCfg = Release|Any CPU
		{FDCBF4C9-40C3-4123-A29B-5ED712E89736}.Release|Any CPU.Build.0 = Release|Any CPU
		{0C26D805-6D3E-40A8-80F4-06630CED3A80}.Debug|Any CPU.ActiveCfg = Debug|Any CPU
		{0C26D805-6D3E-40A8-80F4-06630CED3A80}.Debug|Any CPU.Build.0 = Debug|Any CPU
		{0C26D805-6D3E-40A8-80F4-06630CED3A80}.Release|Any CPU.ActiveCfg = Release|Any CPU
		{0C26D805-6D3E-40A8-80F4-06630CED3A80}.Release|Any CPU.Build.0 = Release|Any CPU
	EndGlobalSection
EndGlobal
